
Microsoft Visual Studio Solution File, Format Version 12.00
# Visual Studio Version 17
VisualStudioVersion = 17.10.35027.167
MinimumVisualStudioVersion = 10.0.40219.1
Project("{9A19103F-16F7-4668-BE54-9A1E7A4F7556}") = "DevFreela.API", "DevFreela.API\DevFreela.API.csproj", "{3FA3D1F2-3170-43D8-889F-4BEF4B8BCFFD}"
EndProject
Project("{9A19103F-16F7-4668-BE54-9A1E7A4F7556}") = "DevFreela.Core", "DevFreela.Core\DevFreela.Core.csproj", "{0F0D219E-0773-4AF4-916C-04E091D227B7}"
EndProject
Project("{9A19103F-16F7-4668-BE54-9A1E7A4F7556}") = "DevFreela.Infrastructure", "DevFreela.Infrastructure\DevFreela.Infrastructure.csproj", "{F30642F7-AD85-4B4F-9ECE-5C64116F2558}"
EndProject
Project("{9A19103F-16F7-4668-BE54-9A1E7A4F7556}") = "DevFreela.Application", "DevFreela.Application\DevFreela.Application.csproj", "{EB5E9DC2-00B5-4879-A73C-8C94C60E8FF1}"
EndProject
Project("{FAE04EC0-301F-11D3-BF4B-00C04F79EFBC}") = "DevFreela.Web", "DevFreela.Web\DevFreela.Web.csproj", "{FEC0C525-3C5F-41FA-AA1D-D6F1835B33F0}"
EndProject
Global
	GlobalSection(SolutionConfigurationPlatforms) = preSolution
		Debug|Any CPU = Debug|Any CPU
		Release|Any CPU = Release|Any CPU
	EndGlobalSection
	GlobalSection(ProjectConfigurationPlatforms) = postSolution
		{3FA3D1F2-3170-43D8-889F-4BEF4B8BCFFD}.Debug|Any CPU.ActiveCfg = Debug|Any CPU
		{3FA3D1F2-3170-43D8-889F-4BEF4B8BCFFD}.Debug|Any CPU.Build.0 = Debug|Any CPU
		{3FA3D1F2-3170-43D8-889F-4BEF4B8BCFFD}.Release|Any CPU.ActiveCfg = Release|Any CPU
		{3FA3D1F2-3170-43D8-889F-4BEF4B8BCFFD}.Release|Any CPU.Build.0 = Release|Any CPU
		{0F0D219E-0773-4AF4-916C-04E091D227B7}.Debug|Any CPU.ActiveCfg = Debug|Any CPU
		{0F0D219E-0773-4AF4-916C-04E091D227B7}.Debug|Any CPU.Build.0 = Debug|Any CPU
		{0F0D219E-0773-4AF4-916C-04E091D227B7}.Release|Any CPU.ActiveCfg = Release|Any CPU
		{0F0D219E-0773-4AF4-916C-04E091D227B7}.Release|Any CPU.Build.0 = Release|Any CPU
		{F30642F7-AD85-4B4F-9ECE-5C64116F2558}.Debug|Any CPU.ActiveCfg = Debug|Any CPU
		{F30642F7-AD85-4B4F-9ECE-5C64116F2558}.Debug|Any CPU.Build.0 = Debug|Any CPU
		{F30642F7-AD85-4B4F-9ECE-5C64116F2558}.Release|Any CPU.ActiveCfg = Release|Any CPU
		{F30642F7-AD85-4B4F-9ECE-5C64116F2558}.Release|Any CPU.Build.0 = Release|Any CPU
		{EB5E9DC2-00B5-4879-A73C-8C94C60E8FF1}.Debug|Any CPU.ActiveCfg = Debug|Any CPU
		{EB5E9DC2-00B5-4879-A73C-8C94C60E8FF1}.Debug|Any CPU.Build.0 = Debug|Any CPU
		{EB5E9DC2-00B5-4879-A73C-8C94C60E8FF1}.Release|Any CPU.ActiveCfg = Release|Any CPU
		{EB5E9DC2-00B5-4879-A73C-8C94C60E8FF1}.Release|Any CPU.Build.0 = Release|Any CPU
		{FEC0C525-3C5F-41FA-AA1D-D6F1835B33F0}.Debug|Any CPU.ActiveCfg = Debug|Any CPU
		{FEC0C525-3C5F-41FA-AA1D-D6F1835B33F0}.Debug|Any CPU.Build.0 = Debug|Any CPU
		{FEC0C525-3C5F-41FA-AA1D-D6F1835B33F0}.Release|Any CPU.ActiveCfg = Release|Any CPU
		{FEC0C525-3C5F-41FA-AA1D-D6F1835B33F0}.Release|Any CPU.Build.0 = Release|Any CPU
	EndGlobalSection
	GlobalSection(SolutionProperties) = preSolution
		HideSolutionNode = FALSE
	EndGlobalSection
	GlobalSection(ExtensibilityGlobals) = postSolution
		SolutionGuid = {B09140D9-D186-4478-A055-328EDC3F1811}
	EndGlobalSection
EndGlobal
